
Microsoft Visual Studio Solution File, Format Version 12.00
# Visual Studio Version 16
VisualStudioVersion = 16.0.28407.52
MinimumVisualStudioVersion = 10.0.40219.1
Project("{FAE04EC0-301F-11D3-BF4B-00C04F79EFBC}") = "DynamicRun", "DynamicRun\DynamicRun.csproj", "{1DCA735B-47D8-450C-ACE9-D8868F843D05}"
EndProject
Global
	GlobalSection(SolutionConfigurationPlatforms) = preSolution
		Debug|Any CPU = Debug|Any CPU
		Release|Any CPU = Release|Any CPU
	EndGlobalSection
	GlobalSection(ProjectConfigurationPlatforms) = postSolution
		{1DCA735B-47D8-450C-ACE9-D8868F843D05}.Debug|Any CPU.ActiveCfg = Debug|Any CPU
		{1DCA735B-47D8-450C-ACE9-D8868F843D05}.Debug|Any CPU.Build.0 = Debug|Any CPU
		{1DCA735B-47D8-450C-ACE9-D8868F843D05}.Release|Any CPU.ActiveCfg = Release|Any CPU
		{1DCA735B-47D8-450C-ACE9-D8868F843D05}.Release|Any CPU.Build.0 = Release|Any CPU
	EndGlobalSection
	GlobalSection(SolutionProperties) = preSolution
		HideSolutionNode = FALSE
	EndGlobalSection
	GlobalSection(ExtensibilityGlobals) = postSolution
		SolutionGuid = {381693D7-6EF9-4817-81AC-8A8C9DBED3E5}
	EndGlobalSection
EndGlobal
